{
  "name": "dashboard",
  "version": "0.0.0",
  "lockfileVersion": 2,
  "requires": true,
  "packages": {
    "": {
      "name": "dashboard",
      "version": "0.0.0",
      "license": "MIT",
      "dependencies": {
        "nouislider": "15.5.0",
        "tslib": "^2.3.1"
      }
    },
    "node_modules/nouislider": {
      "version": "15.5.0",
      "resolved": "https://registry.npmjs.org/nouislider/-/nouislider-15.5.0.tgz",
      "integrity": "sha512-p0Rn0a4XzrBJ+JZRhNDYpRYr6sDPkajsjbvEQoTp/AZlNI3NirO15s1t11D25Gk3zVyvNJAzc1DO48cq/KX5Sw=="
    },
    "node_modules/tslib": {
      "version": "2.4.0",
      "resolved": "https://registry.npmjs.org/tslib/-/tslib-2.4.0.tgz",
      "integrity": "sha512-d6xOpEDfsi2CZVlPQzGeux8XMwLT9hssAsaPYExaQMuYskwb+x1x7J371tWlbBdWHroy99KnVB6qIkUbs5X3UQ=="
    }
  },
  "dependencies": {
    "nouislider": {
      "version": "15.5.0",
      "resolved": "https://registry.npmjs.org/nouislider/-/nouislider-15.5.0.tgz",
      "integrity": "sha512-p0Rn0a4XzrBJ+JZRhNDYpRYr6sDPkajsjbvEQoTp/AZlNI3NirO15s1t11D25Gk3zVyvNJAzc1DO48cq/KX5Sw=="
    },
    "tslib": {
      "version": "2.4.0",
      "resolved": "https://registry.npmjs.org/tslib/-/tslib-2.4.0.tgz",
      "integrity": "sha512-d6xOpEDfsi2CZVlPQzGeux8XMwLT9hssAsaPYExaQMuYskwb+x1x7J371tWlbBdWHroy99KnVB6qIkUbs5X3UQ=="
    }
  }
}
